<?xml version="1.0" encoding="UTF-8"?>
<!DOCTYPE plist PUBLIC "-//Apple//DTD PLIST 1.0//EN" "http://www.apple.com/DTDs/PropertyList-1.0.dtd">
<plist version="1.0">
<dict>
	<key>archiveVersion</key>
	<string>1</string>
	<key>classes</key>
	<dict/>
	<key>objectVersion</key>
	<string>46</string>
	<key>objects</key>
	<dict>
		<key>0B122A7890F9A2FBEF5F52F2</key>
		<dict>
			<key>explicitFileType</key>
			<string>archive.ar</string>
			<key>includeInIndex</key>
			<string>0</string>
			<key>isa</key>
			<string>PBXFileReference</string>
			<key>path</key>
			<string>libPods.a</string>
			<key>sourceTree</key>
			<string>BUILT_PRODUCTS_DIR</string>
		</dict>
		<key>0B3427169B5E6EC5B618A0DD</key>
		<dict>
			<key>includeInIndex</key>
			<string>1</string>
			<key>isa</key>
			<string>PBXFileReference</string>
			<key>lastKnownFileType</key>
			<string>text.xcconfig</string>
			<key>name</key>
			<string>Pods.release.xcconfig</string>
			<key>path</key>
			<string>Pods/Target Support Files/Pods/Pods.release.xcconfig</string>
			<key>sourceTree</key>
			<string>&lt;group&gt;</string>
		</dict>
		<key>7421BFB5DA7040C09FA0785D</key>
		<dict>
			<key>includeInIndex</key>
			<string>1</string>
			<key>isa</key>
			<string>PBXFileReference</string>
			<key>lastKnownFileType</key>
			<string>text.xcconfig</string>
			<key>name</key>
			<string>Pods.debug.xcconfig</string>
			<key>path</key>
			<string>Pods/Target Support Files/Pods/Pods.debug.xcconfig</string>
			<key>sourceTree</key>
			<string>&lt;group&gt;</string>
		</dict>
		<key>77F5081CC4AF4D9EC4DBA0CD</key>
		<dict>
			<key>buildActionMask</key>
			<string>2147483647</string>
			<key>files</key>
			<array/>
			<key>inputPaths</key>
			<array/>
			<key>isa</key>
			<string>PBXShellScriptBuildPhase</string>
			<key>name</key>
			<string>Check Pods Manifest.lock</string>
			<key>outputPaths</key>
			<array/>
			<key>runOnlyForDeploymentPostprocessing</key>
			<string>0</string>
			<key>shellPath</key>
			<string>/bin/sh</string>
			<key>shellScript</key>
			<string>diff "${PODS_ROOT}/../Podfile.lock" "${PODS_ROOT}/Manifest.lock" &gt; /dev/null
if [[ $? != 0 ]] ; then
    cat &lt;&lt; EOM
error: The sandbox is not in sync with the Podfile.lock. Run 'pod install' or update your CocoaPods installation.
EOM
    exit 1
fi
</string>
			<key>showEnvVarsInLog</key>
			<string>0</string>
		</dict>
		<key>7C12936B1874102000BD960C</key>
		<dict>
			<key>isa</key>
			<string>PBXFileReference</string>
			<key>lastKnownFileType</key>
			<string>audio.aiff</string>
			<key>path</key>
			<string>beep.aiff</string>
			<key>sourceTree</key>
			<string>&lt;group&gt;</string>
		</dict>
		<key>7C12936C1874102000BD960C</key>
		<dict>
			<key>fileRef</key>
			<string>7C12936B1874102000BD960C</string>
			<key>isa</key>
			<string>PBXBuildFile</string>
		</dict>
		<key>7C12936D187410D400BD960C</key>
		<dict>
			<key>isa</key>
			<string>PBXFileReference</string>
			<key>lastKnownFileType</key>
			<string>wrapper.framework</string>
			<key>name</key>
			<string>AudioToolbox.framework</string>
			<key>path</key>
			<string>System/Library/Frameworks/AudioToolbox.framework</string>
			<key>sourceTree</key>
			<string>SDKROOT</string>
		</dict>
		<key>7C12936E187410D400BD960C</key>
		<dict>
			<key>fileRef</key>
			<string>7C12936D187410D400BD960C</string>
			<key>isa</key>
			<string>PBXBuildFile</string>
		</dict>
		<key>7C403DA71871846400486A65</key>
		<dict>
			<key>children</key>
			<array>
				<string>7C403DA81871846400486A65</string>
				<string>7C403DA91871846400486A65</string>
				<string>7C403DAC1871846400486A65</string>
				<string>7C403DAD1871846400486A65</string>
				<string>7C403DAE1871846400486A65</string>
				<string>7C403DAF1871846400486A65</string>
				<string>7C403DB01871846400486A65</string>
				<string>7C403DB11871846400486A65</string>
			</array>
			<key>isa</key>
			<string>PBXGroup</string>
			<key>path</key>
			<string>SubscriptionManager</string>
			<key>sourceTree</key>
			<string>&lt;group&gt;</string>
		</dict>
		<key>7C403DA81871846400486A65</key>
		<dict>
			<key>fileEncoding</key>
			<string>4</string>
			<key>isa</key>
			<string>PBXFileReference</string>
			<key>lastKnownFileType</key>
			<string>sourcecode.c.h</string>
			<key>path</key>
			<string>JJAppReceiptVerifier.h</string>
			<key>sourceTree</key>
			<string>&lt;group&gt;</string>
		</dict>
		<key>7C403DA91871846400486A65</key>
		<dict>
			<key>fileEncoding</key>
			<string>4</string>
			<key>isa</key>
			<string>PBXFileReference</string>
			<key>lastKnownFileType</key>
			<string>sourcecode.c.objc</string>
			<key>path</key>
			<string>JJAppReceiptVerifier.m</string>
			<key>sourceTree</key>
			<string>&lt;group&gt;</string>
		</dict>
		<key>7C403DAC1871846400486A65</key>
		<dict>
			<key>fileEncoding</key>
			<string>4</string>
			<key>isa</key>
			<string>PBXFileReference</string>
			<key>lastKnownFileType</key>
			<string>sourcecode.c.h</string>
			<key>path</key>
			<string>JJReceiptVerifier.h</string>
			<key>sourceTree</key>
			<string>&lt;group&gt;</string>
		</dict>
		<key>7C403DAD1871846400486A65</key>
		<dict>
			<key>fileEncoding</key>
			<string>4</string>
			<key>isa</key>
			<string>PBXFileReference</string>
			<key>lastKnownFileType</key>
			<string>sourcecode.c.objc</string>
			<key>path</key>
			<string>JJReceiptVerifier.m</string>
			<key>sourceTree</key>
			<string>&lt;group&gt;</string>
		</dict>
		<key>7C403DAE1871846400486A65</key>
		<dict>
			<key>fileEncoding</key>
			<string>4</string>
			<key>isa</key>
			<string>PBXFileReference</string>
			<key>lastKnownFileType</key>
			<string>sourcecode.c.h</string>
			<key>path</key>
			<string>JJStoreKitHelper.h</string>
			<key>sourceTree</key>
			<string>&lt;group&gt;</string>
		</dict>
		<key>7C403DAF1871846400486A65</key>
		<dict>
			<key>fileEncoding</key>
			<string>4</string>
			<key>isa</key>
			<string>PBXFileReference</string>
			<key>lastKnownFileType</key>
			<string>sourcecode.c.objc</string>
			<key>path</key>
			<string>JJStoreKitHelper.m</string>
			<key>sourceTree</key>
			<string>&lt;group&gt;</string>
		</dict>
		<key>7C403DB01871846400486A65</key>
		<dict>
			<key>fileEncoding</key>
			<string>4</string>
			<key>isa</key>
			<string>PBXFileReference</string>
			<key>lastKnownFileType</key>
			<string>sourcecode.c.h</string>
			<key>path</key>
			<string>JJSubscriptionManager.h</string>
			<key>sourceTree</key>
			<string>&lt;group&gt;</string>
		</dict>
		<key>7C403DB11871846400486A65</key>
		<dict>
			<key>fileEncoding</key>
			<string>4</string>
			<key>isa</key>
			<string>PBXFileReference</string>
			<key>lastKnownFileType</key>
			<string>sourcecode.c.objc</string>
			<key>path</key>
			<string>JJSubscriptionManager.m</string>
			<key>sourceTree</key>
			<string>&lt;group&gt;</string>
		</dict>
		<key>7C403DB51871846400486A65</key>
		<dict>
			<key>fileEncoding</key>
			<string>4</string>
			<key>isa</key>
			<string>PBXFileReference</string>
			<key>lastKnownFileType</key>
			<string>text.plist.xml</string>
			<key>name</key>
			<string>ProductIdentifiers.plist</string>
			<key>path</key>
			<string>ProductIdentifiers.plist</string>
			<key>sourceTree</key>
			<string>&lt;group&gt;</string>
		</dict>
		<key>7C403DB81871846400486A65</key>
		<dict>
			<key>fileRef</key>
			<string>7C403DA91871846400486A65</string>
			<key>isa</key>
			<string>PBXBuildFile</string>
		</dict>
		<key>7C403DBA1871846400486A65</key>
		<dict>
			<key>fileRef</key>
			<string>7C403DAD1871846400486A65</string>
			<key>isa</key>
			<string>PBXBuildFile</string>
		</dict>
		<key>7C403DBB1871846400486A65</key>
		<dict>
			<key>fileRef</key>
			<string>7C403DAF1871846400486A65</string>
			<key>isa</key>
			<string>PBXBuildFile</string>
		</dict>
		<key>7C403DBC1871846400486A65</key>
		<dict>
			<key>fileRef</key>
			<string>7C403DB11871846400486A65</string>
			<key>isa</key>
			<string>PBXBuildFile</string>
		</dict>
		<key>7C403DBE1871846400486A65</key>
		<dict>
			<key>fileRef</key>
			<string>7C403DB51871846400486A65</string>
			<key>isa</key>
			<string>PBXBuildFile</string>
		</dict>
		<key>7C403DC01871A24400486A65</key>
		<dict>
			<key>fileEncoding</key>
			<string>4</string>
			<key>isa</key>
			<string>PBXFileReference</string>
			<key>lastKnownFileType</key>
			<string>sourcecode.c.h</string>
			<key>path</key>
			<string>JJSubscriptionViewController.h</string>
			<key>sourceTree</key>
			<string>&lt;group&gt;</string>
		</dict>
		<key>7C403DC11871A24400486A65</key>
		<dict>
			<key>fileEncoding</key>
			<string>4</string>
			<key>isa</key>
			<string>PBXFileReference</string>
			<key>lastKnownFileType</key>
			<string>sourcecode.c.objc</string>
			<key>path</key>
			<string>JJSubscriptionViewController.m</string>
			<key>sourceTree</key>
			<string>&lt;group&gt;</string>
		</dict>
		<key>7C403DC21871A24400486A65</key>
		<dict>
			<key>fileRef</key>
			<string>7C403DC11871A24400486A65</string>
			<key>isa</key>
			<string>PBXBuildFile</string>
		</dict>
		<key>7C91C0B0187296DE00F323AA</key>
		<dict>
			<key>isa</key>
			<string>PBXFileReference</string>
			<key>lastKnownFileType</key>
			<string>wrapper.framework</string>
			<key>name</key>
			<string>SystemConfiguration.framework</string>
			<key>path</key>
			<string>System/Library/Frameworks/SystemConfiguration.framework</string>
			<key>sourceTree</key>
			<string>SDKROOT</string>
		</dict>
		<key>7C91C0B1187296DE00F323AA</key>
		<dict>
			<key>fileRef</key>
			<string>7C91C0B0187296DE00F323AA</string>
			<key>isa</key>
			<string>PBXBuildFile</string>
		</dict>
		<key>7CA67E92186173B700C393F1</key>
		<dict>
			<key>isa</key>
			<string>PBXFileReference</string>
			<key>lastKnownFileType</key>
			<string>wrapper.framework</string>
			<key>name</key>
			<string>StoreKit.framework</string>
			<key>path</key>
			<string>System/Library/Frameworks/StoreKit.framework</string>
			<key>sourceTree</key>
			<string>SDKROOT</string>
		</dict>
		<key>7CA67E93186173B700C393F1</key>
		<dict>
			<key>fileRef</key>
			<string>7CA67E92186173B700C393F1</string>
			<key>isa</key>
			<string>PBXBuildFile</string>
		</dict>
		<key>7CA67E941861766900C393F1</key>
		<dict>
			<key>isa</key>
			<string>PBXFileReference</string>
			<key>lastKnownFileType</key>
			<string>wrapper.framework</string>
			<key>name</key>
			<string>Security.framework</string>
			<key>path</key>
			<string>System/Library/Frameworks/Security.framework</string>
			<key>sourceTree</key>
			<string>SDKROOT</string>
		</dict>
		<key>7CA67E951861766900C393F1</key>
		<dict>
			<key>fileRef</key>
			<string>7CA67E941861766900C393F1</string>
			<key>isa</key>
			<string>PBXBuildFile</string>
		</dict>
		<key>7CC03ABE183905AE00DC6691</key>
		<dict>
			<key>children</key>
			<array>
				<string>7CC03AD0183905AE00DC6691</string>
				<string>7CC03AC9183905AE00DC6691</string>
				<string>7CC03AC8183905AE00DC6691</string>
				<string>9E944453F1A1A3BEB352E43B</string>
			</array>
			<key>isa</key>
			<string>PBXGroup</string>
			<key>sourceTree</key>
			<string>&lt;group&gt;</string>
		</dict>
		<key>7CC03ABF183905AE00DC6691</key>
		<dict>
			<key>attributes</key>
			<dict>
				<key>CLASSPREFIX</key>
				<string>JJ</string>
				<key>LastUpgradeCheck</key>
				<string>0630</string>
				<key>ORGANIZATIONNAME</key>
				<string>Jeffrey Jackson</string>
				<key>TargetAttributes</key>
				<dict>
					<key>7CC03AC6183905AE00DC6691</key>
					<dict>
						<key>DevelopmentTeam</key>
						<string>RA8J538UUR</string>
					</dict>
				</dict>
			</dict>
			<key>buildConfigurationList</key>
			<string>7CC03AC2183905AE00DC6691</string>
			<key>compatibilityVersion</key>
			<string>Xcode 3.2</string>
			<key>developmentRegion</key>
			<string>English</string>
			<key>hasScannedForEncodings</key>
			<string>0</string>
			<key>isa</key>
			<string>PBXProject</string>
			<key>knownRegions</key>
			<array>
				<string>en</string>
			</array>
			<key>mainGroup</key>
			<string>7CC03ABE183905AE00DC6691</string>
			<key>productRefGroup</key>
			<string>7CC03AC8183905AE00DC6691</string>
			<key>projectDirPath</key>
			<string></string>
			<key>projectReferences</key>
			<array/>
			<key>projectRoot</key>
			<string></string>
			<key>targets</key>
			<array>
				<string>7CC03AC6183905AE00DC6691</string>
			</array>
		</dict>
		<key>7CC03AC2183905AE00DC6691</key>
		<dict>
			<key>buildConfigurations</key>
			<array>
				<string>7CC03AF1183905AF00DC6691</string>
				<string>7CC03AF2183905AF00DC6691</string>
			</array>
			<key>defaultConfigurationIsVisible</key>
			<string>0</string>
			<key>defaultConfigurationName</key>
			<string>Release</string>
			<key>isa</key>
			<string>XCConfigurationList</string>
		</dict>
		<key>7CC03AC3183905AE00DC6691</key>
		<dict>
			<key>buildActionMask</key>
			<string>2147483647</string>
			<key>files</key>
			<array>
				<string>7CC03AD7183905AE00DC6691</string>
				<string>7C403DC21871A24400486A65</string>
				<string>7C403DBB1871846400486A65</string>
				<string>7CC03ADB183905AE00DC6691</string>
				<string>7C403DB81871846400486A65</string>
				<string>7C403DBA1871846400486A65</string>
				<string>7C403DBC1871846400486A65</string>
			</array>
			<key>isa</key>
			<string>PBXSourcesBuildPhase</string>
			<key>runOnlyForDeploymentPostprocessing</key>
			<string>0</string>
		</dict>
		<key>7CC03AC4183905AE00DC6691</key>
		<dict>
			<key>buildActionMask</key>
			<string>2147483647</string>
			<key>files</key>
			<array>
				<string>7C12936E187410D400BD960C</string>
				<string>7C91C0B1187296DE00F323AA</string>
				<string>7CA67E951861766900C393F1</string>
				<string>7CA67E93186173B700C393F1</string>
				<string>7CC03ACD183905AE00DC6691</string>
				<string>7CC03ACF183905AE00DC6691</string>
				<string>7CC03ACB183905AE00DC6691</string>
				<string>D3359FB24AE7E61B005D3D31</string>
			</array>
			<key>isa</key>
			<string>PBXFrameworksBuildPhase</string>
			<key>runOnlyForDeploymentPostprocessing</key>
			<string>0</string>
		</dict>
		<key>7CC03AC5183905AE00DC6691</key>
		<dict>
			<key>buildActionMask</key>
			<string>2147483647</string>
			<key>files</key>
			<array>
				<string>7C403DBE1871846400486A65</string>
				<string>7C12936C1874102000BD960C</string>
				<string>7CC03AD5183905AE00DC6691</string>
				<string>7CC03ADD183905AE00DC6691</string>
			</array>
			<key>isa</key>
			<string>PBXResourcesBuildPhase</string>
			<key>runOnlyForDeploymentPostprocessing</key>
			<string>0</string>
		</dict>
		<key>7CC03AC6183905AE00DC6691</key>
		<dict>
			<key>buildConfigurationList</key>
			<string>7CC03AF3183905AF00DC6691</string>
			<key>buildPhases</key>
			<array>
				<string>77F5081CC4AF4D9EC4DBA0CD</string>
				<string>7CC03AC3183905AE00DC6691</string>
				<string>7CC03AC4183905AE00DC6691</string>
				<string>7CC03AC5183905AE00DC6691</string>
				<string>CF11E03130421E1CD5CA1D5E</string>
			</array>
			<key>buildRules</key>
			<array/>
			<key>dependencies</key>
			<array/>
			<key>isa</key>
			<string>PBXNativeTarget</string>
			<key>name</key>
			<string>JJSubscriptionManager</string>
			<key>productName</key>
			<string>SubscriptionManager</string>
			<key>productReference</key>
			<string>7CC03AC7183905AE00DC6691</string>
			<key>productType</key>
			<string>com.apple.product-type.application</string>
		</dict>
		<key>7CC03AC7183905AE00DC6691</key>
		<dict>
			<key>explicitFileType</key>
			<string>wrapper.application</string>
			<key>includeInIndex</key>
			<string>0</string>
			<key>isa</key>
			<string>PBXFileReference</string>
			<key>path</key>
			<string>JJSubscriptionManager.app</string>
			<key>sourceTree</key>
			<string>BUILT_PRODUCTS_DIR</string>
		</dict>
		<key>7CC03AC8183905AE00DC6691</key>
		<dict>
			<key>children</key>
			<array>
				<string>7CC03AC7183905AE00DC6691</string>
			</array>
			<key>isa</key>
			<string>PBXGroup</string>
			<key>name</key>
			<string>Products</string>
			<key>sourceTree</key>
			<string>&lt;group&gt;</string>
		</dict>
		<key>7CC03AC9183905AE00DC6691</key>
		<dict>
			<key>children</key>
			<array>
				<string>7C12936D187410D400BD960C</string>
				<string>7C91C0B0187296DE00F323AA</string>
				<string>7CA67E941861766900C393F1</string>
				<string>7CA67E92186173B700C393F1</string>
				<string>7CC03ACA183905AE00DC6691</string>
				<string>7CC03ACC183905AE00DC6691</string>
				<string>7CC03ACE183905AE00DC6691</string>
				<string>7CC03AE3183905AF00DC6691</string>
				<string>0B122A7890F9A2FBEF5F52F2</string>
			</array>
			<key>isa</key>
			<string>PBXGroup</string>
			<key>name</key>
			<string>Frameworks</string>
			<key>sourceTree</key>
			<string>&lt;group&gt;</string>
		</dict>
		<key>7CC03ACA183905AE00DC6691</key>
		<dict>
			<key>isa</key>
			<string>PBXFileReference</string>
			<key>lastKnownFileType</key>
			<string>wrapper.framework</string>
			<key>name</key>
			<string>Foundation.framework</string>
			<key>path</key>
			<string>System/Library/Frameworks/Foundation.framework</string>
			<key>sourceTree</key>
			<string>SDKROOT</string>
		</dict>
		<key>7CC03ACB183905AE00DC6691</key>
		<dict>
			<key>fileRef</key>
			<string>7CC03ACA183905AE00DC6691</string>
			<key>isa</key>
			<string>PBXBuildFile</string>
		</dict>
		<key>7CC03ACC183905AE00DC6691</key>
		<dict>
			<key>isa</key>
			<string>PBXFileReference</string>
			<key>lastKnownFileType</key>
			<string>wrapper.framework</string>
			<key>name</key>
			<string>CoreGraphics.framework</string>
			<key>path</key>
			<string>System/Library/Frameworks/CoreGraphics.framework</string>
			<key>sourceTree</key>
			<string>SDKROOT</string>
		</dict>
		<key>7CC03ACD183905AE00DC6691</key>
		<dict>
			<key>fileRef</key>
			<string>7CC03ACC183905AE00DC6691</string>
			<key>isa</key>
			<string>PBXBuildFile</string>
		</dict>
		<key>7CC03ACE183905AE00DC6691</key>
		<dict>
			<key>isa</key>
			<string>PBXFileReference</string>
			<key>lastKnownFileType</key>
			<string>wrapper.framework</string>
			<key>name</key>
			<string>UIKit.framework</string>
			<key>path</key>
			<string>System/Library/Frameworks/UIKit.framework</string>
			<key>sourceTree</key>
			<string>SDKROOT</string>
		</dict>
		<key>7CC03ACF183905AE00DC6691</key>
		<dict>
			<key>fileRef</key>
			<string>7CC03ACE183905AE00DC6691</string>
			<key>isa</key>
			<string>PBXBuildFile</string>
		</dict>
		<key>7CC03AD0183905AE00DC6691</key>
		<dict>
			<key>children</key>
			<array>
				<string>7CC03AD9183905AE00DC6691</string>
				<string>7CC03ADA183905AE00DC6691</string>
				<string>7C403DC01871A24400486A65</string>
				<string>7C403DC11871A24400486A65</string>
				<string>7C403DB51871846400486A65</string>
				<string>7C403DA71871846400486A65</string>
				<string>7CC03ADC183905AE00DC6691</string>
				<string>7CC03AD1183905AE00DC6691</string>
			</array>
			<key>isa</key>
			<string>PBXGroup</string>
			<key>path</key>
			<string>SubscriptionManager</string>
			<key>sourceTree</key>
			<string>&lt;group&gt;</string>
		</dict>
		<key>7CC03AD1183905AE00DC6691</key>
		<dict>
			<key>children</key>
			<array>
				<string>7CC03AD2183905AE00DC6691</string>
				<string>7CC03AD3183905AE00DC6691</string>
				<string>7CC03AD6183905AE00DC6691</string>
				<string>7CC03AD8183905AE00DC6691</string>
				<string>7C12936B1874102000BD960C</string>
			</array>
			<key>isa</key>
			<string>PBXGroup</string>
			<key>path</key>
			<string>Supporting Files</string>
			<key>sourceTree</key>
			<string>&lt;group&gt;</string>
		</dict>
		<key>7CC03AD2183905AE00DC6691</key>
		<dict>
			<key>isa</key>
			<string>PBXFileReference</string>
			<key>lastKnownFileType</key>
			<string>text.plist.xml</string>
			<key>path</key>
			<string>JJSubscriptionManager-Info.plist</string>
			<key>sourceTree</key>
			<string>&lt;group&gt;</string>
		</dict>
		<key>7CC03AD3183905AE00DC6691</key>
		<dict>
			<key>children</key>
			<array>
				<string>7CC03AD4183905AE00DC6691</string>
			</array>
			<key>isa</key>
			<string>PBXVariantGroup</string>
			<key>name</key>
			<string>InfoPlist.strings</string>
			<key>path</key>
			<string>.</string>
			<key>sourceTree</key>
			<string>&lt;group&gt;</string>
		</dict>
		<key>7CC03AD4183905AE00DC6691</key>
		<dict>
			<key>isa</key>
			<string>PBXFileReference</string>
			<key>lastKnownFileType</key>
			<string>text.plist.strings</string>
			<key>name</key>
			<string>en</string>
			<key>path</key>
			<string>en.lproj/InfoPlist.strings</string>
			<key>sourceTree</key>
			<string>&lt;group&gt;</string>
		</dict>
		<key>7CC03AD5183905AE00DC6691</key>
		<dict>
			<key>fileRef</key>
			<string>7CC03AD3183905AE00DC6691</string>
			<key>isa</key>
			<string>PBXBuildFile</string>
		</dict>
		<key>7CC03AD6183905AE00DC6691</key>
		<dict>
			<key>isa</key>
			<string>PBXFileReference</string>
			<key>lastKnownFileType</key>
			<string>sourcecode.c.objc</string>
			<key>path</key>
			<string>main.m</string>
			<key>sourceTree</key>
			<string>&lt;group&gt;</string>
		</dict>
		<key>7CC03AD7183905AE00DC6691</key>
		<dict>
			<key>fileRef</key>
			<string>7CC03AD6183905AE00DC6691</string>
			<key>isa</key>
			<string>PBXBuildFile</string>
		</dict>
		<key>7CC03AD8183905AE00DC6691</key>
		<dict>
			<key>isa</key>
			<string>PBXFileReference</string>
			<key>lastKnownFileType</key>
			<string>sourcecode.c.h</string>
			<key>path</key>
			<string>JJSubscriptionManager-Prefix.pch</string>
			<key>sourceTree</key>
			<string>&lt;group&gt;</string>
		</dict>
		<key>7CC03AD9183905AE00DC6691</key>
		<dict>
			<key>isa</key>
			<string>PBXFileReference</string>
			<key>lastKnownFileType</key>
			<string>sourcecode.c.h</string>
			<key>path</key>
			<string>JJAppDelegate.h</string>
			<key>sourceTree</key>
			<string>&lt;group&gt;</string>
		</dict>
		<key>7CC03ADA183905AE00DC6691</key>
		<dict>
			<key>isa</key>
			<string>PBXFileReference</string>
			<key>lastKnownFileType</key>
			<string>sourcecode.c.objc</string>
			<key>path</key>
			<string>JJAppDelegate.m</string>
			<key>sourceTree</key>
			<string>&lt;group&gt;</string>
		</dict>
		<key>7CC03ADB183905AE00DC6691</key>
		<dict>
			<key>fileRef</key>
			<string>7CC03ADA183905AE00DC6691</string>
			<key>isa</key>
			<string>PBXBuildFile</string>
		</dict>
		<key>7CC03ADC183905AE00DC6691</key>
		<dict>
			<key>isa</key>
			<string>PBXFileReference</string>
			<key>lastKnownFileType</key>
			<string>folder.assetcatalog</string>
			<key>path</key>
			<string>Images.xcassets</string>
			<key>sourceTree</key>
			<string>&lt;group&gt;</string>
		</dict>
		<key>7CC03ADD183905AE00DC6691</key>
		<dict>
			<key>fileRef</key>
			<string>7CC03ADC183905AE00DC6691</string>
			<key>isa</key>
			<string>PBXBuildFile</string>
		</dict>
		<key>7CC03AE3183905AF00DC6691</key>
		<dict>
			<key>isa</key>
			<string>PBXFileReference</string>
			<key>lastKnownFileType</key>
			<string>wrapper.framework</string>
			<key>name</key>
			<string>XCTest.framework</string>
			<key>path</key>
			<string>Library/Frameworks/XCTest.framework</string>
			<key>sourceTree</key>
			<string>DEVELOPER_DIR</string>
		</dict>
		<key>7CC03AF1183905AF00DC6691</key>
		<dict>
			<key>buildSettings</key>
			<dict>
				<key>ALWAYS_SEARCH_USER_PATHS</key>
				<string>NO</string>
				<key>CLANG_CXX_LANGUAGE_STANDARD</key>
				<string>gnu++0x</string>
				<key>CLANG_CXX_LIBRARY</key>
				<string>libc++</string>
				<key>CLANG_ENABLE_MODULES</key>
				<string>YES</string>
				<key>CLANG_ENABLE_OBJC_ARC</key>
				<string>YES</string>
				<key>CLANG_WARN_BOOL_CONVERSION</key>
				<string>YES</string>
				<key>CLANG_WARN_CONSTANT_CONVERSION</key>
				<string>YES</string>
				<key>CLANG_WARN_DIRECT_OBJC_ISA_USAGE</key>
				<string>YES_ERROR</string>
				<key>CLANG_WARN_EMPTY_BODY</key>
				<string>YES</string>
				<key>CLANG_WARN_ENUM_CONVERSION</key>
				<string>YES</string>
				<key>CLANG_WARN_INT_CONVERSION</key>
				<string>YES</string>
				<key>CLANG_WARN_OBJC_ROOT_CLASS</key>
				<string>YES_ERROR</string>
				<key>CLANG_WARN__DUPLICATE_METHOD_MATCH</key>
				<string>YES</string>
				<key>CODE_SIGN_IDENTITY[sdk=iphoneos*]</key>
				<string></string>
				<key>COPY_PHASE_STRIP</key>
				<string>NO</string>
				<key>GCC_C_LANGUAGE_STANDARD</key>
				<string>gnu99</string>
				<key>GCC_DYNAMIC_NO_PIC</key>
				<string>NO</string>
				<key>GCC_OPTIMIZATION_LEVEL</key>
				<string>0</string>
				<key>GCC_PREPROCESSOR_DEFINITIONS</key>
				<array>
					<string>DEBUG=1</string>
					<string>$(inherited)</string>
				</array>
				<key>GCC_SYMBOLS_PRIVATE_EXTERN</key>
				<string>NO</string>
				<key>GCC_WARN_64_TO_32_BIT_CONVERSION</key>
				<string>YES</string>
				<key>GCC_WARN_ABOUT_RETURN_TYPE</key>
				<string>YES_ERROR</string>
				<key>GCC_WARN_UNDECLARED_SELECTOR</key>
				<string>YES</string>
				<key>GCC_WARN_UNINITIALIZED_AUTOS</key>
				<string>YES</string>
				<key>GCC_WARN_UNUSED_FUNCTION</key>
				<string>YES</string>
				<key>GCC_WARN_UNUSED_VARIABLE</key>
				<string>YES</string>
				<key>IPHONEOS_DEPLOYMENT_TARGET</key>
				<string>8.0</string>
				<key>ONLY_ACTIVE_ARCH</key>
				<string>YES</string>
				<key>SDKROOT</key>
				<string>iphoneos</string>
				<key>TARGETED_DEVICE_FAMILY</key>
				<string>1,2</string>
			</dict>
			<key>isa</key>
			<string>XCBuildConfiguration</string>
			<key>name</key>
			<string>Debug</string>
		</dict>
		<key>7CC03AF2183905AF00DC6691</key>
		<dict>
			<key>buildSettings</key>
			<dict>
				<key>ALWAYS_SEARCH_USER_PATHS</key>
				<string>NO</string>
				<key>CLANG_CXX_LANGUAGE_STANDARD</key>
				<string>gnu++0x</string>
				<key>CLANG_CXX_LIBRARY</key>
				<string>libc++</string>
				<key>CLANG_ENABLE_MODULES</key>
				<string>YES</string>
				<key>CLANG_ENABLE_OBJC_ARC</key>
				<string>YES</string>
				<key>CLANG_WARN_BOOL_CONVERSION</key>
				<string>YES</string>
				<key>CLANG_WARN_CONSTANT_CONVERSION</key>
				<string>YES</string>
				<key>CLANG_WARN_DIRECT_OBJC_ISA_USAGE</key>
				<string>YES_ERROR</string>
				<key>CLANG_WARN_EMPTY_BODY</key>
				<string>YES</string>
				<key>CLANG_WARN_ENUM_CONVERSION</key>
				<string>YES</string>
				<key>CLANG_WARN_INT_CONVERSION</key>
				<string>YES</string>
				<key>CLANG_WARN_OBJC_ROOT_CLASS</key>
				<string>YES_ERROR</string>
				<key>CLANG_WARN__DUPLICATE_METHOD_MATCH</key>
				<string>YES</string>
				<key>CODE_SIGN_IDENTITY[sdk=iphoneos*]</key>
				<string></string>
				<key>COPY_PHASE_STRIP</key>
				<string>YES</string>
				<key>ENABLE_NS_ASSERTIONS</key>
				<string>NO</string>
				<key>GCC_C_LANGUAGE_STANDARD</key>
				<string>gnu99</string>
				<key>GCC_WARN_64_TO_32_BIT_CONVERSION</key>
				<string>YES</string>
				<key>GCC_WARN_ABOUT_RETURN_TYPE</key>
				<string>YES_ERROR</string>
				<key>GCC_WARN_UNDECLARED_SELECTOR</key>
				<string>YES</string>
				<key>GCC_WARN_UNINITIALIZED_AUTOS</key>
				<string>YES</string>
				<key>GCC_WARN_UNUSED_FUNCTION</key>
				<string>YES</string>
				<key>GCC_WARN_UNUSED_VARIABLE</key>
				<string>YES</string>
				<key>IPHONEOS_DEPLOYMENT_TARGET</key>
				<string>8.0</string>
				<key>SDKROOT</key>
				<string>iphoneos</string>
				<key>TARGETED_DEVICE_FAMILY</key>
				<string>1,2</string>
				<key>VALIDATE_PRODUCT</key>
				<string>YES</string>
			</dict>
			<key>isa</key>
			<string>XCBuildConfiguration</string>
			<key>name</key>
			<string>Release</string>
		</dict>
		<key>7CC03AF3183905AF00DC6691</key>
		<dict>
			<key>buildConfigurations</key>
			<array>
				<string>7CC03AF4183905AF00DC6691</string>
				<string>7CC03AF5183905AF00DC6691</string>
			</array>
			<key>defaultConfigurationIsVisible</key>
			<string>0</string>
			<key>defaultConfigurationName</key>
			<string>Release</string>
			<key>isa</key>
			<string>XCConfigurationList</string>
		</dict>
		<key>7CC03AF4183905AF00DC6691</key>
		<dict>
			<key>baseConfigurationReference</key>
			<string>7421BFB5DA7040C09FA0785D</string>
			<key>buildSettings</key>
			<dict>
				<key>ASSETCATALOG_COMPILER_APPICON_NAME</key>
				<string>AppIcon</string>
				<key>ASSETCATALOG_COMPILER_LAUNCHIMAGE_NAME</key>
				<string>LaunchImage</string>
				<key>CODE_SIGN_IDENTITY</key>
				<string>iPhone Developer</string>
				<key>CODE_SIGN_IDENTITY[sdk=iphoneos*]</key>
				<string>iPhone Developer</string>
				<key>GCC_PRECOMPILE_PREFIX_HEADER</key>
				<string>YES</string>
				<key>GCC_PREFIX_HEADER</key>
				<string>SubscriptionManager/Supporting Files/JJSubscriptionManager-Prefix.pch</string>
				<key>HEADER_SEARCH_PATHS</key>
				<array>
					<string>$(inherited)</string>
					<string>/Applications/Xcode.app/Contents/Developer/Toolchains/XcodeDefault.xctoolchain/usr/include</string>
					<string>$(SRCROOT)/RMStore/RMStore/Optional/openssl-1.0.1e/include</string>
				</array>
				<key>INFOPLIST_FILE</key>
				<string>SubscriptionManager/Supporting Files/JJSubscriptionManager-Info.plist</string>
				<key>IPHONEOS_DEPLOYMENT_TARGET</key>
				<string>8.0</string>
				<key>LIBRARY_SEARCH_PATHS</key>
				<array>
					<string>$(inherited)</string>
					<string>$(SRCROOT)/RMStore/RMStore/Optional/openssl-1.0.1e/lib</string>
				</array>
				<key>PRODUCT_NAME</key>
				<string>JJSubscriptionManager</string>
				<key>PROVISIONING_PROFILE</key>
				<string></string>
				<key>WRAPPER_EXTENSION</key>
				<string>app</string>
			</dict>
			<key>isa</key>
			<string>XCBuildConfiguration</string>
			<key>name</key>
			<string>Debug</string>
		</dict>
		<key>7CC03AF5183905AF00DC6691</key>
		<dict>
			<key>baseConfigurationReference</key>
			<string>0B3427169B5E6EC5B618A0DD</string>
			<key>buildSettings</key>
			<dict>
				<key>ASSETCATALOG_COMPILER_APPICON_NAME</key>
				<string>AppIcon</string>
				<key>ASSETCATALOG_COMPILER_LAUNCHIMAGE_NAME</key>
				<string>LaunchImage</string>
				<key>CODE_SIGN_IDENTITY</key>
				<string>iPhone Developer</string>
				<key>CODE_SIGN_IDENTITY[sdk=iphoneos*]</key>
				<string>iPhone Developer</string>
				<key>GCC_PRECOMPILE_PREFIX_HEADER</key>
				<string>YES</string>
				<key>GCC_PREFIX_HEADER</key>
				<string>SubscriptionManager/Supporting Files/JJSubscriptionManager-Prefix.pch</string>
				<key>HEADER_SEARCH_PATHS</key>
				<array>
					<string>$(inherited)</string>
					<string>/Applications/Xcode.app/Contents/Developer/Toolchains/XcodeDefault.xctoolchain/usr/include</string>
					<string>$(SRCROOT)/RMStore/RMStore/Optional/openssl-1.0.1e/include</string>
				</array>
				<key>INFOPLIST_FILE</key>
				<string>SubscriptionManager/Supporting Files/JJSubscriptionManager-Info.plist</string>
				<key>IPHONEOS_DEPLOYMENT_TARGET</key>
				<string>8.0</string>
				<key>LIBRARY_SEARCH_PATHS</key>
				<array>
					<string>$(inherited)</string>
					<string>$(SRCROOT)/RMStore/RMStore/Optional/openssl-1.0.1e/lib</string>
				</array>
				<key>PRODUCT_NAME</key>
				<string>JJSubscriptionManager</string>
				<key>PROVISIONING_PROFILE</key>
				<string></string>
				<key>WRAPPER_EXTENSION</key>
				<string>app</string>
			</dict>
			<key>isa</key>
			<string>XCBuildConfiguration</string>
			<key>name</key>
			<string>Release</string>
		</dict>
		<key>9E944453F1A1A3BEB352E43B</key>
		<dict>
			<key>children</key>
			<array>
				<string>7421BFB5DA7040C09FA0785D</string>
				<string>0B3427169B5E6EC5B618A0DD</string>
			</array>
			<key>isa</key>
			<string>PBXGroup</string>
			<key>name</key>
			<string>Pods</string>
			<key>sourceTree</key>
			<string>&lt;group&gt;</string>
		</dict>
		<key>CF11E03130421E1CD5CA1D5E</key>
		<dict>
			<key>buildActionMask</key>
			<string>2147483647</string>
			<key>files</key>
			<array/>
			<key>inputPaths</key>
			<array/>
			<key>isa</key>
			<string>PBXShellScriptBuildPhase</string>
			<key>name</key>
			<string>Copy Pods Resources</string>
			<key>outputPaths</key>
			<array/>
			<key>runOnlyForDeploymentPostprocessing</key>
			<string>0</string>
			<key>shellPath</key>
			<string>/bin/sh</string>
			<key>shellScript</key>
			<string>"${SRCROOT}/Pods/Target Support Files/Pods/Pods-resources.sh"
</string>
			<key>showEnvVarsInLog</key>
			<string>0</string>
		</dict>
		<key>D3359FB24AE7E61B005D3D31</key>
		<dict>
			<key>fileRef</key>
			<string>0B122A7890F9A2FBEF5F52F2</string>
			<key>isa</key>
			<string>PBXBuildFile</string>
		</dict>
	</dict>
	<key>rootObject</key>
	<string>7CC03ABF183905AE00DC6691</string>
</dict>
</plist>
